
Microsoft Visual Studio Solution File, Format Version 12.00
# Visual Studio Version 17
VisualStudioVersion = 17.4.33205.214
MinimumVisualStudioVersion = 10.0.40219.1
Project("{8BC9CEB8-8B4A-11D0-8D11-00A0C91BC942}") = "TEP4 - szablony", "TEP4 - szablony.vcxproj", "{E4B80E64-8C3C-4A35-B329-B70F682812F9}"
EndProject
Global
	GlobalSection(SolutionConfigurationPlatforms) = preSolution
		Debug|x64 = Debug|x64
		Debug|x86 = Debug|x86
		Release|x64 = Release|x64
		Release|x86 = Release|x86
	EndGlobalSection
	GlobalSection(ProjectConfigurationPlatforms) = postSolution
		{E4B80E64-8C3C-4A35-B329-B70F682812F9}.Debug|x64.ActiveCfg = Debug|x64
		{E4B80E64-8C3C-4A35-B329-B70F682812F9}.Debug|x64.Build.0 = Debug|x64
		{E4B80E64-8C3C-4A35-B329-B70F682812F9}.Debug|x86.ActiveCfg = Debug|Win32
		{E4B80E64-8C3C-4A35-B329-B70F682812F9}.Debug|x86.Build.0 = Debug|Win32
		{E4B80E64-8C3C-4A35-B329-B70F682812F9}.Release|x64.ActiveCfg = Release|x64
		{E4B80E64-8C3C-4A35-B329-B70F682812F9}.Release|x64.Build.0 = Release|x64
		{E4B80E64-8C3C-4A35-B329-B70F682812F9}.Release|x86.ActiveCfg = Release|Win32
		{E4B80E64-8C3C-4A35-B329-B70F682812F9}.Release|x86.Build.0 = Release|Win32
	EndGlobalSection
	GlobalSection(SolutionProperties) = preSolution
		HideSolutionNode = FALSE
	EndGlobalSection
	GlobalSection(ExtensibilityGlobals) = postSolution
		SolutionGuid = {3D66529C-F596-4EAC-8B3A-6C5FB512189F}
	EndGlobalSection
EndGlobal
